
Microsoft Visual Studio Solution File, Format Version 12.00
# Visual Studio Version 17
VisualStudioVersion = 17.1.32210.238
MinimumVisualStudioVersion = 10.0.40219.1
Project("{FAE04EC0-301F-11D3-BF4B-00C04F79EFBC}") = "1.3", "1.3\1.3.csproj", "{1394758A-8E07-43A0-9153-5E44E381C53B}"
EndProject
Global
	GlobalSection(SolutionConfigurationPlatforms) = preSolution
		Debug|Any CPU = Debug|Any CPU
		Release|Any CPU = Release|Any CPU
	EndGlobalSection
	GlobalSection(ProjectConfigurationPlatforms) = postSolution
		{1394758A-8E07-43A0-9153-5E44E381C53B}.Debug|Any CPU.ActiveCfg = Debug|Any CPU
		{1394758A-8E07-43A0-9153-5E44E381C53B}.Debug|Any CPU.Build.0 = Debug|Any CPU
		{1394758A-8E07-43A0-9153-5E44E381C53B}.Release|Any CPU.ActiveCfg = Release|Any CPU
		{1394758A-8E07-43A0-9153-5E44E381C53B}.Release|Any CPU.Build.0 = Release|Any CPU
	EndGlobalSection
	GlobalSection(SolutionProperties) = preSolution
		HideSolutionNode = FALSE
	EndGlobalSection
	GlobalSection(ExtensibilityGlobals) = postSolution
		SolutionGuid = {7E72A4C0-E323-4768-B0EF-47B0E4104BB9}
	EndGlobalSection
EndGlobal
